// !$*UTF8*$!
{
	archiveVersion = 1;
	classes = {
	};
	objectVersion = 46;
	objects = {

/* Begin PBXBuildFile section */
		9CF6F9671C3EC31A005A1B08 /* AppDelegate.swift in Sources */ = {isa = PBXBuildFile; fileRef = 9CF6F9661C3EC31A005A1B08 /* AppDelegate.swift */; };
		9CF6F9691C3EC31A005A1B08 /* ViewController.swift in Sources */ = {isa = PBXBuildFile; fileRef = 9CF6F9681C3EC31A005A1B08 /* ViewController.swift */; };
		9CF6F96C1C3EC31A005A1B08 /* Main.storyboard in Resources */ = {isa = PBXBuildFile; fileRef = 9CF6F96A1C3EC31A005A1B08 /* Main.storyboard */; };
		9CF6F96E1C3EC31A005A1B08 /* Assets.xcassets in Resources */ = {isa = PBXBuildFile; fileRef = 9CF6F96D1C3EC31A005A1B08 /* Assets.xcassets */; };
		9CF6F9711C3EC31A005A1B08 /* LaunchScreen.storyboard in Resources */ = {isa = PBXBuildFile; fileRef = 9CF6F96F1C3EC31A005A1B08 /* LaunchScreen.storyboard */; };
		9CF6F97C1C3EC31B005A1B08 /* SuperCoolTests.swift in Sources */ = {isa = PBXBuildFile; fileRef = 9CF6F97B1C3EC31B005A1B08 /* SuperCoolTests.swift */; };
		9CF6F9871C3EC31B005A1B08 /* SuperCoolUITests.swift in Sources */ = {isa = PBXBuildFile; fileRef = 9CF6F9861C3EC31B005A1B08 /* SuperCoolUITests.swift */; };
/* End PBXBuildFile section */

/* Begin PBXContainerItemProxy section */
		9CF6F9781C3EC31B005A1B08 /* PBXContainerItemProxy */ = {
			isa = PBXContainerItemProxy;
			containerPortal = 9CF6F95B1C3EC31A005A1B08 /* Project object */;
			proxyType = 1;
			remoteGlobalIDString = 9CF6F9621C3EC31A005A1B08;
			remoteInfo = SuperCool;
		};
		9CF6F9831C3EC31B005A1B08 /* PBXContainerItemProxy */ = {
			isa = PBXContainerItemProxy;
			containerPortal = 9CF6F95B1C3EC31A005A1B08 /* Project object */;
			proxyType = 1;
			remoteGlobalIDString = 9CF6F9621C3EC31A005A1B08;
			remoteInfo = SuperCool;
		};
/* End PBXContainerItemProxy section */

/* Begin PBXFileReference section */
		9CF6F9631C3EC31A005A1B08 /* SuperCool.app */ = {isa = PBXFileReference; explicitFileType = wrapper.application; includeInIndex = 0; path = SuperCool.app; sourceTree = BUILT_PRODUCTS_DIR; };
		9CF6F9661C3EC31A005A1B08 /* AppDelegate.swift */ = {isa = PBXFileReference; lastKnownFileType = sourcecode.swift; path = AppDelegate.swift; sourceTree = "<group>"; };
		9CF6F9681C3EC31A005A1B08 /* ViewController.swift */ = {isa = PBXFileReference; lastKnownFileType = sourcecode.swift; path = ViewController.swift; sourceTree = "<group>"; };
		9CF6F96B1C3EC31A005A1B08 /* Base */ = {isa = PBXFileReference; lastKnownFileType = file.storyboard; name = Base; path = Base.lproj/Main.storyboard; sourceTree = "<group>"; };
		9CF6F96D1C3EC31A005A1B08 /* Assets.xcassets */ = {isa = PBXFileReference; lastKnownFileType = folder.assetcatalog; path = Assets.xcassets; sourceTree = "<group>"; };
		9CF6F9701C3EC31A005A1B08 /* Base */ = {isa = PBXFileReference; lastKnownFileType = file.storyboard; name = Base; path = Base.lproj/LaunchScreen.storyboard; sourceTree = "<group>"; };
		9CF6F9721C3EC31A005A1B08 /* Info.plist */ = {isa = PBXFileReference; lastKnownFileType = text.plist.xml; path = Info.plist; sourceTree = "<group>"; };
		9CF6F9771C3EC31B005A1B08 /* SuperCoolTests.xctest */ = {isa = PBXFileReference; explicitFileType = wrapper.cfbundle; includeInIndex = 0; path = SuperCoolTests.xctest; sourceTree = BUILT_PRODUCTS_DIR; };
		9CF6F97B1C3EC31B005A1B08 /* SuperCoolTests.swift */ = {isa = PBXFileReference; lastKnownFileType = sourcecode.swift; path = SuperCoolTests.swift; sourceTree = "<group>"; };
		9CF6F97D1C3EC31B005A1B08 /* Info.plist */ = {isa = PBXFileReference; lastKnownFileType = text.plist.xml; path = Info.plist; sourceTree = "<group>"; };
		9CF6F9821C3EC31B005A1B08 /* SuperCoolUITests.xctest */ = {isa = PBXFileReference; explicitFileType = wrapper.cfbundle; includeInIndex = 0; path = SuperCoolUITests.xctest; sourceTree = BUILT_PRODUCTS_DIR; };
		9CF6F9861C3EC31B005A1B08 /* SuperCoolUITests.swift */ = {isa = PBXFileReference; lastKnownFileType = sourcecode.swift; path = SuperCoolUITests.swift; sourceTree = "<group>"; };
		9CF6F9881C3EC31B005A1B08 /* Info.plist */ = {isa = PBXFileReference; lastKnownFileType = text.plist.xml; path = Info.plist; sourceTree = "<group>"; };
/* End PBXFileReference section */

/* Begin PBXFrameworksBuildPhase section */
		9CF6F9601C3EC31A005A1B08 /* Frameworks */ = {
			isa = PBXFrameworksBuildPhase;
			buildActionMask = 2147483647;
			files = (
			);
			runOnlyForDeploymentPostprocessing = 0;
		};
		9CF6F9741C3EC31B005A1B08 /* Frameworks */ = {
			isa = PBXFrameworksBuildPhase;
			buildActionMask = 2147483647;
			files = (
			);
			runOnlyForDeploymentPostprocessing = 0;
		};
		9CF6F97F1C3EC31B005A1B08 /* Frameworks */ = {
			isa = PBXFrameworksBuildPhase;
			buildActionMask = 2147483647;
			files = (
			);
			runOnlyForDeploymentPostprocessing = 0;
		};
/* End PBXFrameworksBuildPhase section */

/* Begin PBXGroup section */
		9CF6F95A1C3EC31A005A1B08 = {
			isa = PBXGroup;
			children = (
				9CF6F9651C3EC31A005A1B08 /* SuperCool */,
				9CF6F97A1C3EC31B005A1B08 /* SuperCoolTests */,
				9CF6F9851C3EC31B005A1B08 /* SuperCoolUITests */,
				9CF6F9641C3EC31A005A1B08 /* Products */,
			);
			sourceTree = "<group>";
		};
		9CF6F9641C3EC31A005A1B08 /* Products */ = {
			isa = PBXGroup;
			children = (
				9CF6F9631C3EC31A005A1B08 /* SuperCool.app */,
				9CF6F9771C3EC31B005A1B08 /* SuperCoolTests.xctest */,
				9CF6F9821C3EC31B005A1B08 /* SuperCoolUITests.xctest */,
			);
			name = Products;
			sourceTree = "<group>";
		};
		9CF6F9651C3EC31A005A1B08 /* SuperCool */ = {
			isa = PBXGroup;
			children = (
				9CF6F9661C3EC31A005A1B08 /* AppDelegate.swift */,
				9CF6F9681C3EC31A005A1B08 /* ViewController.swift */,
				9CF6F96A1C3EC31A005A1B08 /* Main.storyboard */,
				9CF6F96D1C3EC31A005A1B08 /* Assets.xcassets */,
				9CF6F96F1C3EC31A005A1B08 /* LaunchScreen.storyboard */,
				9CF6F9721C3EC31A005A1B08 /* Info.plist */,
			);
			path = SuperCool;
			sourceTree = "<group>";
		};
		9CF6F97A1C3EC31B005A1B08 /* SuperCoolTests */ = {
			isa = PBXGroup;
			children = (
				9CF6F97B1C3EC31B005A1B08 /* SuperCoolTests.swift */,
				9CF6F97D1C3EC31B005A1B08 /* Info.plist */,
			);
			path = SuperCoolTests;
			sourceTree = "<group>";
		};
		9CF6F9851C3EC31B005A1B08 /* SuperCoolUITests */ = {
			isa = PBXGroup;
			children = (
				9CF6F9861C3EC31B005A1B08 /* SuperCoolUITests.swift */,
				9CF6F9881C3EC31B005A1B08 /* Info.plist */,
			);
			path = SuperCoolUITests;
			sourceTree = "<group>";
		};
/* End PBXGroup section */

/* Begin PBXNativeTarget section */
		9CF6F9621C3EC31A005A1B08 /* SuperCool */ = {
			isa = PBXNativeTarget;
			buildConfigurationList = 9CF6F98B1C3EC31B005A1B08 /* Build configuration list for PBXNativeTarget "SuperCool" */;
			buildPhases = (
				9CF6F95F1C3EC31A005A1B08 /* Sources */,
				9CF6F9601C3EC31A005A1B08 /* Frameworks */,
				9CF6F9611C3EC31A005A1B08 /* Resources */,
			);
			buildRules = (
			);
			dependencies = (
			);
			name = SuperCool;
			productName = SuperCool;
			productReference = 9CF6F9631C3EC31A005A1B08 /* SuperCool.app */;
			productType = "com.apple.product-type.application";
		};
		9CF6F9761C3EC31B005A1B08 /* SuperCoolTests */ = {
			isa = PBXNativeTarget;
			buildConfigurationList = 9CF6F98E1C3EC31B005A1B08 /* Build configuration list for PBXNativeTarget "SuperCoolTests" */;
			buildPhases = (
				9CF6F9731C3EC31B005A1B08 /* Sources */,
				9CF6F9741C3EC31B005A1B08 /* Frameworks */,
				9CF6F9751C3EC31B005A1B08 /* Resources */,
			);
			buildRules = (
			);
			dependencies = (
				9CF6F9791C3EC31B005A1B08 /* PBXTargetDependency */,
			);
			name = SuperCoolTests;
			productName = SuperCoolTests;
			productReference = 9CF6F9771C3EC31B005A1B08 /* SuperCoolTests.xctest */;
			productType = "com.apple.product-type.bundle.unit-test";
		};
		9CF6F9811C3EC31B005A1B08 /* SuperCoolUITests */ = {
			isa = PBXNativeTarget;
			buildConfigurationList = 9CF6F9911C3EC31B005A1B08 /* Build configuration list for PBXNativeTarget "SuperCoolUITests" */;
			buildPhases = (
				9CF6F97E1C3EC31B005A1B08 /* Sources */,
				9CF6F97F1C3EC31B005A1B08 /* Frameworks */,
				9CF6F9801C3EC31B005A1B08 /* Resources */,
			);
			buildRules = (
			);
			dependencies = (
				9CF6F9841C3EC31B005A1B08 /* PBXTargetDependency */,
			);
			name = SuperCoolUITests;
			productName = SuperCoolUITests;
			productReference = 9CF6F9821C3EC31B005A1B08 /* SuperCoolUITests.xctest */;
			productType = "com.apple.product-type.bundle.ui-testing";
		};
/* End PBXNativeTarget section */

/* Begin PBXProject section */
		9CF6F95B1C3EC31A005A1B08 /* Project object */ = {
			isa = PBXProject;
			attributes = {
				LastSwiftUpdateCheck = 0720;
				LastUpgradeCheck = 0720;
				ORGANIZATIONNAME = "Craig Newcomb";
				TargetAttributes = {
					9CF6F9621C3EC31A005A1B08 = {
						CreatedOnToolsVersion = 7.2;
						DevelopmentTeam = ZQJ9D5KQ5K;
					};
					9CF6F9761C3EC31B005A1B08 = {
						CreatedOnToolsVersion = 7.2;
						DevelopmentTeam = ZQJ9D5KQ5K;
						TestTargetID = 9CF6F9621C3EC31A005A1B08;
					};
					9CF6F9811C3EC31B005A1B08 = {
						CreatedOnToolsVersion = 7.2;
						DevelopmentTeam = ZQJ9D5KQ5K;
						TestTargetID = 9CF6F9621C3EC31A005A1B08;
					};
				};
			};
			buildConfigurationList = 9CF6F95E1C3EC31A005A1B08 /* Build configuration list for PBXProject "SuperCool" */;
			compatibilityVersion = "Xcode 3.2";
			developmentRegion = English;
			hasScannedForEncodings = 0;
			knownRegions = (
				en,
				Base,
			);
			mainGroup = 9CF6F95A1C3EC31A005A1B08;
			productRefGroup = 9CF6F9641C3EC31A005A1B08 /* Products */;
			projectDirPath = "";
			projectRoot = "";
			targets = (
				9CF6F9621C3EC31A005A1B08 /* SuperCool */,
				9CF6F9761C3EC31B005A1B08 /* SuperCoolTests */,
				9CF6F9811C3EC31B005A1B08 /* SuperCoolUITests */,
			);
		};
/* End PBXProject section */

/* Begin PBXResourcesBuildPhase section */
		9CF6F9611C3EC31A005A1B08 /* Resources */ = {
			isa = PBXResourcesBuildPhase;
			buildActionMask = 2147483647;
			files = (
				9CF6F9711C3EC31A005A1B08 /* LaunchScreen.storyboard in Resources */,
				9CF6F96E1C3EC31A005A1B08 /* Assets.xcassets in Resources */,
				9CF6F96C1C3EC31A005A1B08 /* Main.storyboard in Resources */,
			);
			runOnlyForDeploymentPostprocessing = 0;
		};
		9CF6F9751C3EC31B005A1B08 /* Resources */ = {
			isa = PBXResourcesBuildPhase;
			buildActionMask = 2147483647;
			files = (
			);
			runOnlyForDeploymentPostprocessing = 0;
		};
		9CF6F9801C3EC31B005A1B08 /* Resources */ = {
			isa = PBXResourcesBuildPhase;
			buildActionMask = 2147483647;
			files = (
			);
			runOnlyForDeploymentPostprocessing = 0;
		};
/* End PBXResourcesBuildPhase section */

/* Begin PBXSourcesBuildPhase section */
		9CF6F95F1C3EC31A005A1B08 /* Sources */ = {
			isa = PBXSourcesBuildPhase;
			buildActionMask = 2147483647;
			files = (
				9CF6F9691C3EC31A005A1B08 /* ViewController.swift in Sources */,
				9CF6F9671C3EC31A005A1B08 /* AppDelegate.swift in Sources */,
			);
			runOnlyForDeploymentPostprocessing = 0;
		};
		9CF6F9731C3EC31B005A1B08 /* Sources */ = {
			isa = PBXSourcesBuildPhase;
			buildActionMask = 2147483647;
			files = (
				9CF6F97C1C3EC31B005A1B08 /* SuperCoolTests.swift in Sources */,
			);
			runOnlyForDeploymentPostprocessing = 0;
		};
		9CF6F97E1C3EC31B005A1B08 /* Sources */ = {
			isa = PBXSourcesBuildPhase;
			buildActionMask = 2147483647;
			files = (
				9CF6F9871C3EC31B005A1B08 /* SuperCoolUITests.swift in Sources */,
			);
			runOnlyForDeploymentPostprocessing = 0;
		};
/* End PBXSourcesBuildPhase section */

/* Begin PBXTargetDependency section */
		9CF6F9791C3EC31B005A1B08 /* PBXTargetDependency */ = {
			isa = PBXTargetDependency;
			target = 9CF6F9621C3EC31A005A1B08 /* SuperCool */;
			targetProxy = 9CF6F9781C3EC31B005A1B08 /* PBXContainerItemProxy */;
		};
		9CF6F9841C3EC31B005A1B08 /* PBXTargetDependency */ = {
			isa = PBXTargetDependency;
			target = 9CF6F9621C3EC31A005A1B08 /* SuperCool */;
			targetProxy = 9CF6F9831C3EC31B005A1B08 /* PBXContainerItemProxy */;
		};
/* End PBXTargetDependency section */

/* Begin PBXVariantGroup section */
		9CF6F96A1C3EC31A005A1B08 /* Main.storyboard */ = {
			isa = PBXVariantGroup;
			children = (
				9CF6F96B1C3EC31A005A1B08 /* Base */,
			);
			name = Main.storyboard;
			sourceTree = "<group>";
		};
		9CF6F96F1C3EC31A005A1B08 /* LaunchScreen.storyboard */ = {
			isa = PBXVariantGroup;
			children = (
				9CF6F9701C3EC31A005A1B08 /* Base */,
			);
			name = LaunchScreen.storyboard;
			sourceTree = "<group>";
		};
/* End PBXVariantGroup section */

/* Begin XCBuildConfiguration section */
		9CF6F9891C3EC31B005A1B08 /* Debug */ = {
			isa = XCBuildConfiguration;
			buildSettings = {
				ALWAYS_SEARCH_USER_PATHS = NO;
				CLANG_CXX_LANGUAGE_STANDARD = "gnu++0x";
				CLANG_CXX_LIBRARY = "libc++";
				CLANG_ENABLE_MODULES = YES;
				CLANG_ENABLE_OBJC_ARC = YES;
				CLANG_WARN_BOOL_CONVERSION = YES;
				CLANG_WARN_CONSTANT_CONVERSION = YES;
				CLANG_WARN_DIRECT_OBJC_ISA_USAGE = YES_ERROR;
				CLANG_WARN_EMPTY_BODY = YES;
				CLANG_WARN_ENUM_CONVERSION = YES;
				CLANG_WARN_INT_CONVERSION = YES;
				CLANG_WARN_OBJC_ROOT_CLASS = YES_ERROR;
				CLANG_WARN_UNREACHABLE_CODE = YES;
				CLANG_WARN__DUPLICATE_METHOD_MATCH = YES;
				"CODE_SIGN_IDENTITY[sdk=iphoneos*]" = "iPhone Developer";
				COPY_PHASE_STRIP = NO;
				DEBUG_INFORMATION_FORMAT = dwarf;
				ENABLE_STRICT_OBJC_MSGSEND = YES;
				ENABLE_TESTABILITY = YES;
				GCC_C_LANGUAGE_STANDARD = gnu99;
				GCC_DYNAMIC_NO_PIC = NO;
				GCC_NO_COMMON_BLOCKS = YES;
				GCC_OPTIMIZATION_LEVEL = 0;
				GCC_PREPROCESSOR_DEFINITIONS = (
					"DEBUG=1",
					"$(inherited)",
				);
				GCC_WARN_64_TO_32_BIT_CONVERSION = YES;
				GCC_WARN_ABOUT_RETURN_TYPE = YES_ERROR;
				GCC_WARN_UNDECLARED_SELECTOR = YES;
				GCC_WARN_UNINITIALIZED_AUTOS = YES_AGGRESSIVE;
				GCC_WARN_UNUSED_FUNCTION = YES;
				GCC_WARN_UNUSED_VARIABLE = YES;
				IPHONEOS_DEPLOYMENT_TARGET = 9.2;
				MTL_ENABLE_DEBUG_INFO = YES;
				ONLY_ACTIVE_ARCH = YES;
				SDKROOT = iphoneos;
				SWIFT_OPTIMIZATION_LEVEL = "-Onone";
			};
			name = Debug;
		};
		9CF6F98A1C3EC31B005A1B08 /* Release */ = {
			isa = XCBuildConfiguration;
			buildSettings = {
				ALWAYS_SEARCH_USER_PATHS = NO;
				CLANG_CXX_LANGUAGE_STANDARD = "gnu++0x";
				CLANG_CXX_LIBRARY = "libc++";
				CLANG_ENABLE_MODULES = YES;
				CLANG_ENABLE_OBJC_ARC = YES;
				CLANG_WARN_BOOL_CONVERSION = YES;
				CLANG_WARN_CONSTANT_CONVERSION = YES;
				CLANG_WARN_DIRECT_OBJC_ISA_USAGE = YES_ERROR;
				CLANG_WARN_EMPTY_BODY = YES;
				CLANG_WARN_ENUM_CONVERSION = YES;
				CLANG_WARN_INT_CONVERSION = YES;
				CLANG_WARN_OBJC_ROOT_CLASS = YES_ERROR;
				CLANG_WARN_UNREACHABLE_CODE = YES;
				CLANG_WARN__DUPLICATE_METHOD_MATCH = YES;
				"CODE_SIGN_IDENTITY[sdk=iphoneos*]" = "iPhone Developer";
				COPY_PHASE_STRIP = NO;
				DEBUG_INFORMATION_FORMAT = "dwarf-with-dsym";
				ENABLE_NS_ASSERTIONS = NO;
				ENABLE_STRICT_OBJC_MSGSEND = YES;
				GCC_C_LANGUAGE_STANDARD = gnu99;
				GCC_NO_COMMON_BLOCKS = YES;
				GCC_WARN_64_TO_32_BIT_CONVERSION = YES;
				GCC_WARN_ABOUT_RETURN_TYPE = YES_ERROR;
				GCC_WARN_UNDECLARED_SELECTOR = YES;
				GCC_WARN_UNINITIALIZED_AUTOS = YES_AGGRESSIVE;
				GCC_WARN_UNUSED_FUNCTION = YES;
				GCC_WARN_UNUSED_VARIABLE = YES;
				IPHONEOS_DEPLOYMENT_TARGET = 9.2;
				MTL_ENABLE_DEBUG_INFO = NO;
				SDKROOT = iphoneos;
				VALIDATE_PRODUCT = YES;
			};
			name = Release;
		};
		9CF6F98C1C3EC31B005A1B08 /* Debug */ = {
			isa = XCBuildConfiguration;
			buildSettings = {
				ASSETCATALOG_COMPILER_APPICON_NAME = AppIcon;
				INFOPLIST_FILE = SuperCool/Info.plist;
				LD_RUNPATH_SEARCH_PATHS = "$(inherited) @executable_path/Frameworks";
				PRODUCT_BUNDLE_IDENTIFIER = "com.Craig-Newcomb.SuperCool.SuperCool";
				PRODUCT_NAME = "$(TARGET_NAME)";
			};
			name = Debug;
		};
		9CF6F98D1C3EC31B005A1B08 /* Release */ = {
			isa = XCBuildConfiguration;
			buildSettings = {
				ASSETCATALOG_COMPILER_APPICON_NAME = AppIcon;
				INFOPLIST_FILE = SuperCool/Info.plist;
				LD_RUNPATH_SEARCH_PATHS = "$(inherited) @executable_path/Frameworks";
				PRODUCT_BUNDLE_IDENTIFIER = "com.Craig-Newcomb.SuperCool.SuperCool";
				PRODUCT_NAME = "$(TARGET_NAME)";
			};
			name = Release;
		};
		9CF6F98F1C3EC31B005A1B08 /* Debug */ = {
			isa = XCBuildConfiguration;
			buildSettings = {
				BUNDLE_LOADER = "$(TEST_HOST)";
				INFOPLIST_FILE = SuperCoolTests/Info.plist;
				LD_RUNPATH_SEARCH_PATHS = "$(inherited) @executable_path/Frameworks @loader_path/Frameworks";
				PRODUCT_BUNDLE_IDENTIFIER = "com.Craig-Newcomb.SuperCool.SuperCoolTests";
				PRODUCT_NAME = "$(TARGET_NAME)";
				TEST_HOST = "$(BUILT_PRODUCTS_DIR)/SuperCool.app/SuperCool";
			};
			name = Debug;
		};
		9CF6F9901C3EC31B005A1B08 /* Release */ = {
			isa = XCBuildConfiguration;
			buildSettings = {
				BUNDLE_LOADER = "$(TEST_HOST)";
				INFOPLIST_FILE = SuperCoolTests/Info.plist;
				LD_RUNPATH_SEARCH_PATHS = "$(inherited) @executable_path/Frameworks @loader_path/Frameworks";
				PRODUCT_BUNDLE_IDENTIFIER = "com.Craig-Newcomb.SuperCool.SuperCoolTests";
				PRODUCT_NAME = "$(TARGET_NAME)";
				TEST_HOST = "$(BUILT_PRODUCTS_DIR)/SuperCool.app/SuperCool";
			};
			name = Release;
		};
		9CF6F9921C3EC31B005A1B08 /* Debug */ = {
			isa = XCBuildConfiguration;
			buildSettings = {
				INFOPLIST_FILE = SuperCoolUITests/Info.plist;
				LD_RUNPATH_SEARCH_PATHS = "$(inherited) @executable_path/Frameworks @loader_path/Frameworks";
				PRODUCT_BUNDLE_IDENTIFIER = "com.Craig-Newcomb.SuperCool.SuperCoolUITests";
				PRODUCT_NAME = "$(TARGET_NAME)";
				TEST_TARGET_NAME = SuperCool;
				USES_XCTRUNNER = YES;
			};
			name = Debug;
		};
		9CF6F9931C3EC31B005A1B08 /* Release */ = {
			isa = XCBuildConfiguration;
			buildSettings = {
				INFOPLIST_FILE = SuperCoolUITests/Info.plist;
				LD_RUNPATH_SEARCH_PATHS = "$(inherited) @executable_path/Frameworks @loader_path/Frameworks";
				PRODUCT_BUNDLE_IDENTIFIER = "com.Craig-Newcomb.SuperCool.SuperCoolUITests";
				PRODUCT_NAME = "$(TARGET_NAME)";
				TEST_TARGET_NAME = SuperCool;
				USES_XCTRUNNER = YES;
			};
			name = Release;
		};
/* End XCBuildConfiguration section */

/* Begin XCConfigurationList section */
		9CF6F95E1C3EC31A005A1B08 /* Build configuration list for PBXProject "SuperCool" */ = {
			isa = XCConfigurationList;
			buildConfigurations = (
				9CF6F9891C3EC31B005A1B08 /* Debug */,
				9CF6F98A1C3EC31B005A1B08 /* Release */,
			);
			defaultConfigurationIsVisible = 0;
			defaultConfigurationName = Release;
		};
		9CF6F98B1C3EC31B005A1B08 /* Build configuration list for PBXNativeTarget "SuperCool" */ = {
			isa = XCConfigurationList;
			buildConfigurations = (
				9CF6F98C1C3EC31B005A1B08 /* Debug */,
				9CF6F98D1C3EC31B005A1B08 /* Release */,
			);
			defaultConfigurationIsVisible = 0;
		};
		9CF6F98E1C3EC31B005A1B08 /* Build configuration list for PBXNativeTarget "SuperCoolTests" */ = {
			isa = XCConfigurationList;
			buildConfigurations = (
				9CF6F98F1C3EC31B005A1B08 /* Debug */,
				9CF6F9901C3EC31B005A1B08 /* Release */,
			);
			defaultConfigurationIsVisible = 0;
		};
		9CF6F9911C3EC31B005A1B08 /* Build configuration list for PBXNativeTarget "SuperCoolUITests" */ = {
			isa = XCConfigurationList;
			buildConfigurations = (
				9CF6F9921C3EC31B005A1B08 /* Debug */,
				9CF6F9931C3EC31B005A1B08 /* Release */,
			);
			defaultConfigurationIsVisible = 0;
		};
/* End XCConfigurationList section */
	};
	rootObject = 9CF6F95B1C3EC31A005A1B08 /* Project object */;
}
